version = 1
requires-python = ">=3.13"

[[package]]
name = "cramjam"
version = "2.10.0"
source = { registry = "https://pypi.org/simple" }
sdist = { url = "https://files.pythonhosted.org/packages/e9/dc/ccc87820b189e35323433e80de450bf2fb8826a5b64834c740e7d5e66ce2/cramjam-2.10.0.tar.gz", hash = "sha256:e821dd487384ae8004e977c3b13135ad6665ccf8c9874e68441cad1146e66d8a", size = 47801 }
wheels = [
    { url = "https://files.pythonhosted.org/packages/cc/9e/40ecf165dd9fd177c85d1d7b8614036865f15f39d116cf2c96dc84a3eb8a/cramjam-2.10.0-cp313-cp313-macosx_10_12_x86_64.macosx_11_0_arm64.macosx_10_12_universal2.whl", hash = "sha256:8bb0b6aaaa5f37091e05d756a3337faf0ddcffe8a68dbe8a710731b0d555ec8f", size = 3502800 },
    { url = "https://files.pythonhosted.org/packages/af/63/83c7dbe9078ff7e9d8c449913a46a40ae8b9c260f2ec885a0249f00dd763/cramjam-2.10.0-cp313-cp313-macosx_10_12_x86_64.whl", hash = "sha256:27b2625c0840b9a5522eba30b165940084391762492e03b9d640fca5074016ae", size = 1835841 },
    { url = "https://files.pythonhosted.org/packages/d0/bd/d5f9bdd562d4387ca7e1dcfc5121297cba0623e696882bf7cfd343fae88d/cramjam-2.10.0-cp313-cp313-macosx_11_0_arm64.whl", hash = "sha256:4ba90f7b8f986934f33aad8cc029cf7c74842d3ecd5eda71f7531330d38a8dc4", size = 1673882 },
    { url = "https://files.pythonhosted.org/packages/30/ac/198378091434078efb9e25b69a142de1203bf2e54a674f15d6048221a13e/cramjam-2.10.0-cp313-cp313-manylinux_2_12_i686.manylinux2010_i686.whl", hash = "sha256:6655d04942f7c02087a6bba4bdc8d88961aa8ddf3fb9a05b3bad06d2d1ca321b", size = 2019844 },
    { url = "https://files.pythonhosted.org/packages/5c/63/ab625cd743cd1950e0b8a1922b5599ee9109085dcb55dad30a3d1751a8ab/cramjam-2.10.0-cp313-cp313-manylinux_2_17_aarch64.manylinux2014_aarch64.whl", hash = "sha256:7dda9be2caf067ac21c4aa63497833e0984908b66849c07aaa42b1cfa93f5e1c", size = 1747573 },
    { url = "https://files.pythonhosted.org/packages/fe/c9/d17f6d5fc9e619298b98c86cfca2b728945b05135b0cc16be8e6305e00cb/cramjam-2.10.0-cp313-cp313-manylinux_2_17_armv7l.manylinux2014_armv7l.whl", hash = "sha256:afa36aa006d7692718fce427ecb276211918447f806f80c19096a627f5122e3d", size = 1850318 },
    { url = "https://files.pythonhosted.org/packages/60/83/9e35fcd2a373c30251088d4abfb87312a51bc39a0c15f5eda5099888f6fd/cramjam-2.10.0-cp313-cp313-manylinux_2_17_ppc64le.manylinux2014_ppc64le.whl", hash = "sha256:d46fd5a9e8eb5d56eccc6191a55e3e1e2b3ab24b19ab87563a2299a39c855fd7", size = 1997907 },
    { url = "https://files.pythonhosted.org/packages/e5/5d/c0999ebd3c829b50b93f57fbc478c6a31d7b785789d14221b5962631a610/cramjam-2.10.0-cp313-cp313-manylinux_2_17_s390x.manylinux2014_s390x.whl", hash = "sha256:e3012564760394dff89e7a10c5a244f8885cd155aec07bdbe2d6dc46be398614", size = 2361103 },
    { url = "https://files.pythonhosted.org/packages/58/2c/866a73d33ea0950a3ea6e12d5d6f15abc8d5b5e2302c5e4aa9bd7c6d5179/cramjam-2.10.0-cp313-cp313-manylinux_2_17_x86_64.manylinux2014_x86_64.whl", hash = "sha256:e2d216ed4aca2090eabdd354204ae55ed3e13333d1a5b271981543696e634672", size = 1961830 },
    { url = "https://files.pythonhosted.org/packages/70/2b/4f91b3d36d2b7288c8d180b0debce092357d41ca02bd3649f49354180613/cramjam-2.10.0-cp313-cp313-musllinux_1_1_aarch64.whl", hash = "sha256:44c2660ee7c4c269646955e4e40c2693f803fbad12398bb31b2ad00cfc6027b8", size = 2016782 },
    { url = "https://files.pythonhosted.org/packages/90/99/cff347c3279b99e3e9e1bc249319ec391c7cedb1bdc288929d4310bdd6f0/cramjam-2.10.0-cp313-cp313-musllinux_1_1_armv7l.whl", hash = "sha256:636a48e2d01fe8d7955e9523efd2f8efce55a0221f3b5d5b4bdf37c7ff056bf1", size = 2152536 },
    { url = "https://files.pythonhosted.org/packages/c3/36/2f4353217477d017300676545cfa7bef8e55a1fa818b4fb97c2ab6d7bfd4/cramjam-2.10.0-cp313-cp313-musllinux_1_1_i686.whl", hash = "sha256:44c15f6117031a84497433b5f55d30ee72d438fdcba9778fec0c5ca5d416aa96", size = 2162962 },
    { url = "https://files.pythonhosted.org/packages/ed/d2/808533ea5d8cccfa2bd272dc9900fa47d6cb93a6d0b2b18bcc23b0962a08/cramjam-2.10.0-cp313-cp313-musllinux_1_1_x86_64.whl", hash = "sha256:76e4e42f2ecf1aca0a710adaa23000a192efb81a2aee3bcc16761f1777f08a74", size = 2132699 },
    { url = "https://files.pythonhosted.org/packages/f9/18/f8a96e4e2448196ce39be0684053e48b2920a2f6b8467b43cc8be62476aa/cramjam-2.10.0-cp313-cp313-win32.whl", hash = "sha256:5b34f4678d386c64d3be402fdf67f75e8f1869627ea2ec4decd43e828d3b6fba", size = 1597001 },
    { url = "https://files.pythonhosted.org/packages/dc/4f/d90e9a8379452e3882e4d937ca566a5286eea98811571a7da0277959253e/cramjam-2.10.0-cp313-cp313-win_amd64.whl", hash = "sha256:88754dd516f0e2f4dd242880b8e760dc854e917315a17fe3fc626475bea9b252", size = 1699339 },
]

[[package]]
name = "cython"
version = "3.1.1"
source = { registry = "https://pypi.org/simple" }
sdist = { url = "https://files.pythonhosted.org/packages/5b/d3/bb000603e46144db2e5055219bbddcf7ab3b10012fcb342695694fb88141/cython-3.1.1.tar.gz", hash = "sha256:505ccd413669d5132a53834d792c707974248088c4f60c497deb1b416e366397", size = 3175446 }
wheels = [
    { url = "https://files.pythonhosted.org/packages/2c/ec/7bc61e156f71cefdc1c7c2a9b8d25facdf6d208f9e19a80aa4ae56a9842e/cython-3.1.1-cp313-cp313-macosx_10_13_x86_64.whl", hash = "sha256:cb5661941707bd41ec7a9c273d698113ac50392444f785088e9d9706c6a5937b", size = 2990324 },
    { url = "https://files.pythonhosted.org/packages/1a/86/2f2550dcda3b54c65c9132ec95470cc4115b96a78163e539e0a02f767f05/cython-3.1.1-cp313-cp313-macosx_11_0_arm64.whl", hash = "sha256:28b174f41718a7041cfbe0f48913020875ff1aaa4793942b2451ac6d2baf3f07", size = 2822556 },
    { url = "https://files.pythonhosted.org/packages/9d/f8/b7a14323ee8474be00909469dd115e84d28719aaf94a55623fd6366dcab5/cython-3.1.1-cp313-cp313-manylinux_2_17_aarch64.manylinux2014_aarch64.whl", hash = "sha256:c740a10cd0f50321d048c8ca318eefb4c42b8bffef982dcd89c946d374192702", size = 3060223 },
    { url = "https://files.pythonhosted.org/packages/ca/90/9fe8b93fa239b4871252274892c232415f53d5af0859c4a6ac9b1cbf9950/cython-3.1.1-cp313-cp313-manylinux_2_17_x86_64.manylinux2014_x86_64.whl", hash = "sha256:7da069ca769903c5dee56c5f7ab47b2b7b91030eee48912630db5f4f3ec5954a", size = 3180196 },
    { url = "https://files.pythonhosted.org/packages/01/95/8fe6282a846f8ce56bb62434b48053910c68c94ec5da3bd47bc2de0bb5e2/cython-3.1.1-cp313-cp313-manylinux_2_5_i686.manylinux1_i686.manylinux_2_17_i686.manylinux2014_i686.whl", hash = "sha256:24c640c0746d984789fe2787a098f06cda456ef2dd78b90164d17884b350839a", size = 3208726 },
    { url = "https://files.pythonhosted.org/packages/be/28/7db9e79a5099659f6e46c48577f582e6b542873159c3f65033a247e364b5/cython-3.1.1-cp313-cp313-musllinux_1_2_aarch64.whl", hash = "sha256:426d78565eb91d3366569b20e92b8f14bffef5f57b2acd05b60bbb9ce5c056a1", size = 3112452 },
    { url = "https://files.pythonhosted.org/packages/44/68/de53aff8db5f05efd9fe7f1435aa6019573b94ae151ef82a66ca20b4ec57/cython-3.1.1-cp313-cp313-musllinux_1_2_i686.whl", hash = "sha256:b181158b5761bdaf40f6854f016ab7ddff64d3db4fca55cb3ca0f73813dd76d6", size = 3305698 },
    { url = "https://files.pythonhosted.org/packages/52/e9/a54f53ba5feeb00e187e24ba6fc7b085075e8ac53ed22797ac9d77db7422/cython-3.1.1-cp313-cp313-musllinux_1_2_x86_64.whl", hash = "sha256:7489559e6c5ecbba49d535c2e03cf77c2594a3190b6aca7da5b508ba1664a89a", size = 3258348 },
    { url = "https://files.pythonhosted.org/packages/0c/07/8c1a2ff59af7976ba16afe8cd54a070ce2986924cacecc7812236bf7f1c7/cython-3.1.1-cp313-cp313-win32.whl", hash = "sha256:263cb0e497910fb5e0a361ad1393b6d728b092178afecc56e8a786f3739960c3", size = 2457891 },
    { url = "https://files.pythonhosted.org/packages/79/5e/c469f7b42e145a06af79a3f7b599454c028a823c6a83adc867ddfd02f941/cython-3.1.1-cp313-cp313-win_amd64.whl", hash = "sha256:e000f0533eedf3d6dfbe30bb3c58a054c58f0a7778390342fa577a0dc47adab3", size = 2665693 },
    { url = "https://files.pythonhosted.org/packages/a7/97/8e8637e67afc09f1b51a617b15a0d1caf0b5159b0f79d47ab101e620e491/cython-3.1.1-py3-none-any.whl", hash = "sha256:07621e044f332d18139df2ccfcc930151fd323c2f61a58c82f304cffc9eb5280", size = 1220898 },
]

[[package]]
name = "kroguname"
version = "0.1.0"
source = { virtual = "." }
dependencies = [
    { name = "pandas" },
    { name = "parquet", extra = ["snappy"] },
]

[package.metadata]
requires-dist = [
    { name = "pandas", specifier = ">=2.2.3" },
    { name = "parquet", extras = ["snappy"], specifier = ">=1.3.1" },
]

[[package]]
name = "numpy"
version = "2.2.6"
source = { registry = "https://pypi.org/simple" }
sdist = { url = "https://files.pythonhosted.org/packages/76/21/7d2a95e4bba9dc13d043ee156a356c0a8f0c6309dff6b21b4d71a073b8a8/numpy-2.2.6.tar.gz", hash = "sha256:e29554e2bef54a90aa5cc07da6ce955accb83f21ab5de01a62c8478897b264fd", size = 20276440 }
wheels = [
    { url = "https://files.pythonhosted.org/packages/f9/5c/6657823f4f594f72b5471f1db1ab12e26e890bb2e41897522d134d2a3e81/numpy-2.2.6-cp313-cp313-macosx_10_13_x86_64.whl", hash = "sha256:0811bb762109d9708cca4d0b13c4f67146e3c3b7cf8d34018c722adb2d957c84", size = 20867828 },
    { url = "https://files.pythonhosted.org/packages/dc/9e/14520dc3dadf3c803473bd07e9b2bd1b69bc583cb2497b47000fed2fa92f/numpy-2.2.6-cp313-cp313-macosx_11_0_arm64.whl", hash = "sha256:287cc3162b6f01463ccd86be154f284d0893d2b3ed7292439ea97eafa8170e0b", size = 14143006 },
    { url = "https://files.pythonhosted.org/packages/4f/06/7e96c57d90bebdce9918412087fc22ca9851cceaf5567a45c1f404480e9e/numpy-2.2.6-cp313-cp313-macosx_14_0_arm64.whl", hash = "sha256:f1372f041402e37e5e633e586f62aa53de2eac8d98cbfb822806ce4bbefcb74d", size = 5076765 },
    { url = "https://files.pythonhosted.org/packages/73/ed/63d920c23b4289fdac96ddbdd6132e9427790977d5457cd132f18e76eae0/numpy-2.2.6-cp313-cp313-macosx_14_0_x86_64.whl", hash = "sha256:55a4d33fa519660d69614a9fad433be87e5252f4b03850642f88993f7b2ca566", size = 6617736 },
    { url = "https://files.pythonhosted.org/packages/85/c5/e19c8f99d83fd377ec8c7e0cf627a8049746da54afc24ef0a0cb73d5dfb5/numpy-2.2.6-cp313-cp313-manylinux_2_17_aarch64.manylinux2014_aarch64.whl", hash = "sha256:f92729c95468a2f4f15e9bb94c432a9229d0d50de67304399627a943201baa2f", size = 14010719 },
    { url = "https://files.pythonhosted.org/packages/19/49/4df9123aafa7b539317bf6d342cb6d227e49f7a35b99c287a6109b13dd93/numpy-2.2.6-cp313-cp313-manylinux_2_17_x86_64.manylinux2014_x86_64.whl", hash = "sha256:1bc23a79bfabc5d056d106f9befb8d50c31ced2fbc70eedb8155aec74a45798f", size = 16526072 },
    { url = "https://files.pythonhosted.org/packages/b2/6c/04b5f47f4f32f7c2b0e7260442a8cbcf8168b0e1a41ff1495da42f42a14f/numpy-2.2.6-cp313-cp313-musllinux_1_2_aarch64.whl", hash = "sha256:e3143e4451880bed956e706a3220b4e5cf6172ef05fcc397f6f36a550b1dd868", size = 15503213 },
    { url = "https://files.pythonhosted.org/packages/17/0a/5cd92e352c1307640d5b6fec1b2ffb06cd0dabe7d7b8227f97933d378422/numpy-2.2.6-cp313-cp313-musllinux_1_2_x86_64.whl", hash = "sha256:b4f13750ce79751586ae2eb824ba7e1e8dba64784086c98cdbbcc6a42112ce0d", size = 18316632 },
    { url = "https://files.pythonhosted.org/packages/f0/3b/5cba2b1d88760ef86596ad0f3d484b1cbff7c115ae2429678465057c5155/numpy-2.2.6-cp313-cp313-win32.whl", hash = "sha256:5beb72339d9d4fa36522fc63802f469b13cdbe4fdab4a288f0c441b74272ebfd", size = 6244532 },
    { url = "https://files.pythonhosted.org/packages/cb/3b/d58c12eafcb298d4e6d0d40216866ab15f59e55d148a5658bb3132311fcf/numpy-2.2.6-cp313-cp313-win_amd64.whl", hash = "sha256:b0544343a702fa80c95ad5d3d608ea3599dd54d4632df855e4c8d24eb6ecfa1c", size = 12610885 },
    { url = "https://files.pythonhosted.org/packages/6b/9e/4bf918b818e516322db999ac25d00c75788ddfd2d2ade4fa66f1f38097e1/numpy-2.2.6-cp313-cp313t-macosx_10_13_x86_64.whl", hash = "sha256:0bca768cd85ae743b2affdc762d617eddf3bcf8724435498a1e80132d04879e6", size = 20963467 },
    { url = "https://files.pythonhosted.org/packages/61/66/d2de6b291507517ff2e438e13ff7b1e2cdbdb7cb40b3ed475377aece69f9/numpy-2.2.6-cp313-cp313t-macosx_11_0_arm64.whl", hash = "sha256:fc0c5673685c508a142ca65209b4e79ed6740a4ed6b2267dbba90f34b0b3cfda", size = 14225144 },
    { url = "https://files.pythonhosted.org/packages/e4/25/480387655407ead912e28ba3a820bc69af9adf13bcbe40b299d454ec011f/numpy-2.2.6-cp313-cp313t-macosx_14_0_arm64.whl", hash = "sha256:5bd4fc3ac8926b3819797a7c0e2631eb889b4118a9898c84f585a54d475b7e40", size = 5200217 },
    { url = "https://files.pythonhosted.org/packages/aa/4a/6e313b5108f53dcbf3aca0c0f3e9c92f4c10ce57a0a721851f9785872895/numpy-2.2.6-cp313-cp313t-macosx_14_0_x86_64.whl", hash = "sha256:fee4236c876c4e8369388054d02d0e9bb84821feb1a64dd59e137e6511a551f8", size = 6712014 },
    { url = "https://files.pythonhosted.org/packages/b7/30/172c2d5c4be71fdf476e9de553443cf8e25feddbe185e0bd88b096915bcc/numpy-2.2.6-cp313-cp313t-manylinux_2_17_aarch64.manylinux2014_aarch64.whl", hash = "sha256:e1dda9c7e08dc141e0247a5b8f49cf05984955246a327d4c48bda16821947b2f", size = 14077935 },
    { url = "https://files.pythonhosted.org/packages/12/fb/9e743f8d4e4d3c710902cf87af3512082ae3d43b945d5d16563f26ec251d/numpy-2.2.6-cp313-cp313t-manylinux_2_17_x86_64.manylinux2014_x86_64.whl", hash = "sha256:f447e6acb680fd307f40d3da4852208af94afdfab89cf850986c3ca00562f4fa", size = 16600122 },
    { url = "https://files.pythonhosted.org/packages/12/75/ee20da0e58d3a66f204f38916757e01e33a9737d0b22373b3eb5a27358f9/numpy-2.2.6-cp313-cp313t-musllinux_1_2_aarch64.whl", hash = "sha256:389d771b1623ec92636b0786bc4ae56abafad4a4c513d36a55dce14bd9ce8571", size = 15586143 },
    { url = "https://files.pythonhosted.org/packages/76/95/bef5b37f29fc5e739947e9ce5179ad402875633308504a52d188302319c8/numpy-2.2.6-cp313-cp313t-musllinux_1_2_x86_64.whl", hash = "sha256:8e9ace4a37db23421249ed236fdcdd457d671e25146786dfc96835cd951aa7c1", size = 18385260 },
    { url = "https://files.pythonhosted.org/packages/09/04/f2f83279d287407cf36a7a8053a5abe7be3622a4363337338f2585e4afda/numpy-2.2.6-cp313-cp313t-win32.whl", hash = "sha256:038613e9fb8c72b0a41f025a7e4c3f0b7a1b5d768ece4796b674c8f3fe13efff", size = 6377225 },
    { url = "https://files.pythonhosted.org/packages/67/0e/35082d13c09c02c011cf21570543d202ad929d961c02a147493cb0c2bdf5/numpy-2.2.6-cp313-cp313t-win_amd64.whl", hash = "sha256:6031dd6dfecc0cf9f668681a37648373bddd6421fff6c66ec1624eed0180ee06", size = 12771374 },
]

[[package]]
name = "pandas"
version = "2.2.3"
source = { registry = "https://pypi.org/simple" }
dependencies = [
    { name = "numpy" },
    { name = "python-dateutil" },
    { name = "pytz" },
    { name = "tzdata" },
]
sdist = { url = "https://files.pythonhosted.org/packages/9c/d6/9f8431bacc2e19dca897724cd097b1bb224a6ad5433784a44b587c7c13af/pandas-2.2.3.tar.gz", hash = "sha256:4f18ba62b61d7e192368b84517265a99b4d7ee8912f8708660fb4a366cc82667", size = 4399213 }
wheels = [
    { url = "https://files.pythonhosted.org/packages/64/22/3b8f4e0ed70644e85cfdcd57454686b9057c6c38d2f74fe4b8bc2527214a/pandas-2.2.3-cp313-cp313-macosx_10_13_x86_64.whl", hash = "sha256:f00d1345d84d8c86a63e476bb4955e46458b304b9575dcf71102b5c705320015", size = 12477643 },
    { url = "https://files.pythonhosted.org/packages/e4/93/b3f5d1838500e22c8d793625da672f3eec046b1a99257666c94446969282/pandas-2.2.3-cp313-cp313-macosx_11_0_arm64.whl", hash = "sha256:3508d914817e153ad359d7e069d752cdd736a247c322d932eb89e6bc84217f28", size = 11281573 },
    { url = "https://files.pythonhosted.org/packages/f5/94/6c79b07f0e5aab1dcfa35a75f4817f5c4f677931d4234afcd75f0e6a66ca/pandas-2.2.3-cp313-cp313-manylinux2014_aarch64.manylinux_2_17_aarch64.whl", hash = "sha256:22a9d949bfc9a502d320aa04e5d02feab689d61da4e7764b62c30b991c42c5f0", size = 15196085 },
    { url = "https://files.pythonhosted.org/packages/e8/31/aa8da88ca0eadbabd0a639788a6da13bb2ff6edbbb9f29aa786450a30a91/pandas-2.2.3-cp313-cp313-manylinux_2_17_x86_64.manylinux2014_x86_64.whl", hash = "sha256:f3a255b2c19987fbbe62a9dfd6cff7ff2aa9ccab3fc75218fd4b7530f01efa24", size = 12711809 },
    { url = "https://files.pythonhosted.org/packages/ee/7c/c6dbdb0cb2a4344cacfb8de1c5808ca885b2e4dcfde8008266608f9372af/pandas-2.2.3-cp313-cp313-musllinux_1_2_aarch64.whl", hash = "sha256:800250ecdadb6d9c78eae4990da62743b857b470883fa27f652db8bdde7f6659", size = 16356316 },
    { url = "https://files.pythonhosted.org/packages/57/b7/8b757e7d92023b832869fa8881a992696a0bfe2e26f72c9ae9f255988d42/pandas-2.2.3-cp313-cp313-musllinux_1_2_x86_64.whl", hash = "sha256:6374c452ff3ec675a8f46fd9ab25c4ad0ba590b71cf0656f8b6daa5202bca3fb", size = 14022055 },
    { url = "https://files.pythonhosted.org/packages/3b/bc/4b18e2b8c002572c5a441a64826252ce5da2aa738855747247a971988043/pandas-2.2.3-cp313-cp313-win_amd64.whl", hash = "sha256:61c5ad4043f791b61dd4752191d9f07f0ae412515d59ba8f005832a532f8736d", size = 11481175 },
    { url = "https://files.pythonhosted.org/packages/76/a3/a5d88146815e972d40d19247b2c162e88213ef51c7c25993942c39dbf41d/pandas-2.2.3-cp313-cp313t-macosx_10_13_x86_64.whl", hash = "sha256:3b71f27954685ee685317063bf13c7709a7ba74fc996b84fc6821c59b0f06468", size = 12615650 },
    { url = "https://files.pythonhosted.org/packages/9c/8c/f0fd18f6140ddafc0c24122c8a964e48294acc579d47def376fef12bcb4a/pandas-2.2.3-cp313-cp313t-macosx_11_0_arm64.whl", hash = "sha256:38cf8125c40dae9d5acc10fa66af8ea6fdf760b2714ee482ca691fc66e6fcb18", size = 11290177 },
    { url = "https://files.pythonhosted.org/packages/ed/f9/e995754eab9c0f14c6777401f7eece0943840b7a9fc932221c19d1abee9f/pandas-2.2.3-cp313-cp313t-manylinux2014_aarch64.manylinux_2_17_aarch64.whl", hash = "sha256:ba96630bc17c875161df3818780af30e43be9b166ce51c9a18c1feae342906c2", size = 14651526 },
    { url = "https://files.pythonhosted.org/packages/25/b0/98d6ae2e1abac4f35230aa756005e8654649d305df9a28b16b9ae4353bff/pandas-2.2.3-cp313-cp313t-manylinux_2_17_x86_64.manylinux2014_x86_64.whl", hash = "sha256:1db71525a1538b30142094edb9adc10be3f3e176748cd7acc2240c2f2e5aa3a4", size = 11871013 },
    { url = "https://files.pythonhosted.org/packages/cc/57/0f72a10f9db6a4628744c8e8f0df4e6e21de01212c7c981d31e50ffc8328/pandas-2.2.3-cp313-cp313t-musllinux_1_2_aarch64.whl", hash = "sha256:15c0e1e02e93116177d29ff83e8b1619c93ddc9c49083f237d4312337a61165d", size = 15711620 },
    { url = "https://files.pythonhosted.org/packages/ab/5f/b38085618b950b79d2d9164a711c52b10aefc0ae6833b96f626b7021b2ed/pandas-2.2.3-cp313-cp313t-musllinux_1_2_x86_64.whl", hash = "sha256:ad5b65698ab28ed8d7f18790a0dc58005c7629f227be9ecc1072aa74c0c1d43a", size = 13098436 },
]

[[package]]
name = "parquet"
version = "1.3.1"
source = { registry = "https://pypi.org/simple" }
dependencies = [
    { name = "thriftpy2" },
]
sdist = { url = "https://files.pythonhosted.org/packages/39/06/56482f6834135a67dfc5a2bfce071a75be5c8c91edd8e319d69eb56b4644/parquet-1.3.1.tar.gz", hash = "sha256:fb1c90768c1b9159d4d6a9b3112ea8107b0b46d7491c5ac452ba7350f333bf0a", size = 23081 }
wheels = [
    { url = "https://files.pythonhosted.org/packages/14/a6/d57a2fe5caac3e0e0cdb78c0e450f30f953a590ecf94478065f33feb3d8f/parquet-1.3.1-py3-none-any.whl", hash = "sha256:a492a08643b51af8b4c2a25d97e1667170a483fc68ca408979b080ae9d771f51", size = 24579 },
]

[package.optional-dependencies]
snappy = [
    { name = "python-snappy" },
]

[[package]]
name = "ply"
version = "3.11"
source = { registry = "https://pypi.org/simple" }
sdist = { url = "https://files.pythonhosted.org/packages/e5/69/882ee5c9d017149285cab114ebeab373308ef0f874fcdac9beb90e0ac4da/ply-3.11.tar.gz", hash = "sha256:00c7c1aaa88358b9c765b6d3000c6eec0ba42abca5351b095321aef446081da3", size = 159130 }
wheels = [
    { url = "https://files.pythonhosted.org/packages/a3/58/35da89ee790598a0700ea49b2a66594140f44dec458c07e8e3d4979137fc/ply-3.11-py2.py3-none-any.whl", hash = "sha256:096f9b8350b65ebd2fd1346b12452efe5b9607f7482813ffca50c22722a807ce", size = 49567 },
]

[[package]]
name = "python-dateutil"
version = "2.9.0.post0"
source = { registry = "https://pypi.org/simple" }
dependencies = [
    { name = "six" },
]
sdist = { url = "https://files.pythonhosted.org/packages/66/c0/0c8b6ad9f17a802ee498c46e004a0eb49bc148f2fd230864601a86dcf6db/python-dateutil-2.9.0.post0.tar.gz", hash = "sha256:37dd54208da7e1cd875388217d5e00ebd4179249f90fb72437e91a35459a0ad3", size = 342432 }
wheels = [
    { url = "https://files.pythonhosted.org/packages/ec/57/56b9bcc3c9c6a792fcbaf139543cee77261f3651ca9da0c93f5c1221264b/python_dateutil-2.9.0.post0-py2.py3-none-any.whl", hash = "sha256:a8b2bc7bffae282281c8140a97d3aa9c14da0b136dfe83f850eea9a5f7470427", size = 229892 },
]

[[package]]
name = "python-snappy"
version = "0.7.3"
source = { registry = "https://pypi.org/simple" }
dependencies = [
    { name = "cramjam" },
]
sdist = { url = "https://files.pythonhosted.org/packages/39/66/9185fbb6605ba92716d9f77fbb13c97eb671cd13c3ad56bd154016fbf08b/python_snappy-0.7.3.tar.gz", hash = "sha256:40216c1badfb2d38ac781ecb162a1d0ec40f8ee9747e610bcfefdfa79486cee3", size = 9337 }
wheels = [
    { url = "https://files.pythonhosted.org/packages/86/c1/0ee413ddd639aebf22c85d6db39f136ccc10e6a4b4dd275a92b5c839de8d/python_snappy-0.7.3-py3-none-any.whl", hash = "sha256:074c0636cfcd97e7251330f428064050ac81a52c62ed884fc2ddebbb60ed7f50", size = 9155 },
]

[[package]]
name = "pytz"
version = "2025.2"
source = { registry = "https://pypi.org/simple" }
sdist = { url = "https://files.pythonhosted.org/packages/f8/bf/abbd3cdfb8fbc7fb3d4d38d320f2441b1e7cbe29be4f23797b4a2b5d8aac/pytz-2025.2.tar.gz", hash = "sha256:360b9e3dbb49a209c21ad61809c7fb453643e048b38924c765813546746e81c3", size = 320884 }
wheels = [
    { url = "https://files.pythonhosted.org/packages/81/c4/34e93fe5f5429d7570ec1fa436f1986fb1f00c3e0f43a589fe2bbcd22c3f/pytz-2025.2-py2.py3-none-any.whl", hash = "sha256:5ddf76296dd8c44c26eb8f4b6f35488f3ccbf6fbbd7adee0b7262d43f0ec2f00", size = 509225 },
]

[[package]]
name = "six"
version = "1.17.0"
source = { registry = "https://pypi.org/simple" }
sdist = { url = "https://files.pythonhosted.org/packages/94/e7/b2c673351809dca68a0e064b6af791aa332cf192da575fd474ed7d6f16a2/six-1.17.0.tar.gz", hash = "sha256:ff70335d468e7eb6ec65b95b99d3a2836546063f63acc5171de367e834932a81", size = 34031 }
wheels = [
    { url = "https://files.pythonhosted.org/packages/b7/ce/149a00dd41f10bc29e5921b496af8b574d8413afcd5e30dfa0ed46c2cc5e/six-1.17.0-py2.py3-none-any.whl", hash = "sha256:4721f391ed90541fddacab5acf947aa0d3dc7d27b2e1e8eda2be8970586c3274", size = 11050 },
]

[[package]]
name = "thriftpy2"
version = "0.5.2"
source = { registry = "https://pypi.org/simple" }
dependencies = [
    { name = "cython" },
    { name = "ply" },
    { name = "six" },
]
sdist = { url = "https://files.pythonhosted.org/packages/f8/3a/d983b26df17583a3cc865a9e1737bb8faacfa1e16e3ed17353ef48847e6b/thriftpy2-0.5.2.tar.gz", hash = "sha256:cefcb2f6f8b12c00054c6f942dd2323a53b48b8b6862312d03b677dcf0d4a6da", size = 782261 }

[[package]]
name = "tzdata"
version = "2025.2"
source = { registry = "https://pypi.org/simple" }
sdist = { url = "https://files.pythonhosted.org/packages/95/32/1a225d6164441be760d75c2c42e2780dc0873fe382da3e98a2e1e48361e5/tzdata-2025.2.tar.gz", hash = "sha256:b60a638fcc0daffadf82fe0f57e53d06bdec2f36c4df66280ae79bce6bd6f2b9", size = 196380 }
wheels = [
    { url = "https://files.pythonhosted.org/packages/5c/23/c7abc0ca0a1526a0774eca151daeb8de62ec457e77262b66b359c3c7679e/tzdata-2025.2-py2.py3-none-any.whl", hash = "sha256:1a403fada01ff9221ca8044d701868fa132215d84beb92242d9acd2147f667a8", size = 347839 },
]
